
Microsoft Visual Studio Solution File, Format Version 12.00
# Visual Studio Version 16
VisualStudioVersion = 16.0.29020.237
MinimumVisualStudioVersion = 10.0.40219.1
Project("{FAE04EC0-301F-11D3-BF4B-00C04F79EFBC}") = "SiteLoader", "SiteLoader\SiteLoader.csproj", "{BCACD4A3-63BE-4DFA-9BDF-5F534450D76B}"
EndProject
Global
	GlobalSection(SolutionConfigurationPlatforms) = preSolution
		Debug|Any CPU = Debug|Any CPU
		Release|Any CPU = Release|Any CPU
	EndGlobalSection
	GlobalSection(ProjectConfigurationPlatforms) = postSolution
		{BCACD4A3-63BE-4DFA-9BDF-5F534450D76B}.Debug|Any CPU.ActiveCfg = Debug|Any CPU
		{BCACD4A3-63BE-4DFA-9BDF-5F534450D76B}.Debug|Any CPU.Build.0 = Debug|Any CPU
		{BCACD4A3-63BE-4DFA-9BDF-5F534450D76B}.Release|Any CPU.ActiveCfg = Release|Any CPU
		{BCACD4A3-63BE-4DFA-9BDF-5F534450D76B}.Release|Any CPU.Build.0 = Release|Any CPU
	EndGlobalSection
	GlobalSection(SolutionProperties) = preSolution
		HideSolutionNode = FALSE
	EndGlobalSection
	GlobalSection(ExtensibilityGlobals) = postSolution
		SolutionGuid = {20DF637A-2C86-44F8-A2CD-5A0902B491BF}
	EndGlobalSection
EndGlobal
